// !$*UTF8*$!
{
	archiveVersion = 1;
	classes = {
	};
	objectVersion = 46;
	objects = {

/* Begin PBXBuildFile section */
		0709AB141C24668B003A41F9 /* ResourcePath.mm in Sources */ = {isa = PBXBuildFile; fileRef = 0709AB131C24668B003A41F9 /* ResourcePath.mm */; };
		0709AB171C24668B003A41F9 /* main.cpp in Sources */ = {isa = PBXBuildFile; fileRef = 0709AB161C24668B003A41F9 /* main.cpp */; };
		0709AB1A1C24668B003A41F9 /* cute_image.jpg in Resources */ = {isa = PBXBuildFile; fileRef = 0709AB191C24668B003A41F9 /* cute_image.jpg */; };
		0709AB1C1C24668B003A41F9 /* nice_music.ogg in Resources */ = {isa = PBXBuildFile; fileRef = 0709AB1B1C24668B003A41F9 /* nice_music.ogg */; };
		0709AB1E1C24668B003A41F9 /* sansation.ttf in Resources */ = {isa = PBXBuildFile; fileRef = 0709AB1D1C24668B003A41F9 /* sansation.ttf */; };
		0709AB201C24668B003A41F9 /* icon.png in Resources */ = {isa = PBXBuildFile; fileRef = 0709AB1F1C24668B003A41F9 /* icon.png */; };
/* End PBXBuildFile section */

/* Begin PBXFileReference section */
		0709AB0E1C24668B003A41F9 /* ToneBoards.app */ = {isa = PBXFileReference; explicitFileType = wrapper.application; includeInIndex = 0; path = ToneBoards.app; sourceTree = BUILT_PRODUCTS_DIR; };
		0709AB121C24668B003A41F9 /* ToneBoards-Info.plist */ = {isa = PBXFileReference; lastKnownFileType = text.plist.xml; path = "ToneBoards-Info.plist"; sourceTree = "<group>"; };
		0709AB131C24668B003A41F9 /* ResourcePath.mm */ = {isa = PBXFileReference; lastKnownFileType = sourcecode.cpp.objcpp; path = ResourcePath.mm; sourceTree = "<group>"; };
		0709AB151C24668B003A41F9 /* ResourcePath.hpp */ = {isa = PBXFileReference; lastKnownFileType = sourcecode.cpp.h; path = ResourcePath.hpp; sourceTree = "<group>"; };
		0709AB161C24668B003A41F9 /* main.cpp */ = {isa = PBXFileReference; lastKnownFileType = sourcecode.cpp.cpp; path = main.cpp; sourceTree = "<group>"; };
		0709AB191C24668B003A41F9 /* cute_image.jpg */ = {isa = PBXFileReference; lastKnownFileType = image.jpeg; path = cute_image.jpg; sourceTree = "<group>"; };
		0709AB1B1C24668B003A41F9 /* nice_music.ogg */ = {isa = PBXFileReference; lastKnownFileType = file; path = nice_music.ogg; sourceTree = "<group>"; };
		0709AB1D1C24668B003A41F9 /* sansation.ttf */ = {isa = PBXFileReference; lastKnownFileType = file; path = sansation.ttf; sourceTree = "<group>"; };
		0709AB1F1C24668B003A41F9 /* icon.png */ = {isa = PBXFileReference; lastKnownFileType = image.png; path = icon.png; sourceTree = "<group>"; };
/* End PBXFileReference section */

/* Begin PBXFrameworksBuildPhase section */
		0709AB0A1C24668B003A41F9 /* Frameworks */ = {
			isa = PBXFrameworksBuildPhase;
			buildActionMask = 2147483647;
			files = (
			);
			runOnlyForDeploymentPostprocessing = 0;
		};
/* End PBXFrameworksBuildPhase section */

/* Begin PBXGroup section */
		0709AB041C24668B003A41F9 = {
			isa = PBXGroup;
			children = (
				0709AB101C24668B003A41F9 /* ToneBoards */,
				0709AB0F1C24668B003A41F9 /* Products */,
			);
			sourceTree = "<group>";
		};
		0709AB0F1C24668B003A41F9 /* Products */ = {
			isa = PBXGroup;
			children = (
				0709AB0E1C24668B003A41F9 /* ToneBoards.app */,
			);
			name = Products;
			sourceTree = "<group>";
		};
		0709AB101C24668B003A41F9 /* ToneBoards */ = {
			isa = PBXGroup;
			children = (
				0709AB131C24668B003A41F9 /* ResourcePath.mm */,
				0709AB151C24668B003A41F9 /* ResourcePath.hpp */,
				0709AB161C24668B003A41F9 /* main.cpp */,
				0709AB181C24668B003A41F9 /* Resources */,
				0709AB111C24668B003A41F9 /* Supporting Files */,
			);
			path = ToneBoards;
			sourceTree = "<group>";
		};
		0709AB111C24668B003A41F9 /* Supporting Files */ = {
			isa = PBXGroup;
			children = (
				0709AB121C24668B003A41F9 /* ToneBoards-Info.plist */,
			);
			name = "Supporting Files";
			sourceTree = "<group>";
		};
		0709AB181C24668B003A41F9 /* Resources */ = {
			isa = PBXGroup;
			children = (
				0709AB191C24668B003A41F9 /* cute_image.jpg */,
				0709AB1B1C24668B003A41F9 /* nice_music.ogg */,
				0709AB1D1C24668B003A41F9 /* sansation.ttf */,
				0709AB1F1C24668B003A41F9 /* icon.png */,
			);
			name = Resources;
			sourceTree = "<group>";
		};
/* End PBXGroup section */

/* Begin PBXNativeTarget section */
		0709AB0D1C24668B003A41F9 /* ToneBoards */ = {
			isa = PBXNativeTarget;
			buildConfigurationList = 0709AB231C24668B003A41F9 /* Build configuration list for PBXNativeTarget "ToneBoards" */;
			buildPhases = (
				0709AB091C24668B003A41F9 /* Sources */,
				0709AB0A1C24668B003A41F9 /* Frameworks */,
				0709AB0B1C24668B003A41F9 /* Resources */,
				0709AB0C1C24668B003A41F9 /* ShellScript */,
			);
			buildRules = (
			);
			dependencies = (
			);
			name = ToneBoards;
			productName = ToneBoards;
			productReference = 0709AB0E1C24668B003A41F9 /* ToneBoards.app */;
			productType = "com.apple.product-type.application";
		};
/* End PBXNativeTarget section */

/* Begin PBXProject section */
		0709AB051C24668B003A41F9 /* Project object */ = {
			isa = PBXProject;
			attributes = {
				LastUpgradeCheck = 0720;
				ORGANIZATIONNAME = "kipplebits llc";
				TargetAttributes = {
					0709AB0D1C24668B003A41F9 = {
						CreatedOnToolsVersion = 7.2;
					};
				};
			};
			buildConfigurationList = 0709AB081C24668B003A41F9 /* Build configuration list for PBXProject "ToneBoards" */;
			compatibilityVersion = "Xcode 3.2";
			developmentRegion = English;
			hasScannedForEncodings = 0;
			knownRegions = (
				en,
			);
			mainGroup = 0709AB041C24668B003A41F9;
			productRefGroup = 0709AB0F1C24668B003A41F9 /* Products */;
			projectDirPath = "";
			projectRoot = "";
			targets = (
				0709AB0D1C24668B003A41F9 /* ToneBoards */,
			);
		};
/* End PBXProject section */

/* Begin PBXResourcesBuildPhase section */
		0709AB0B1C24668B003A41F9 /* Resources */ = {
			isa = PBXResourcesBuildPhase;
			buildActionMask = 2147483647;
			files = (
				0709AB201C24668B003A41F9 /* icon.png in Resources */,
				0709AB1E1C24668B003A41F9 /* sansation.ttf in Resources */,
				0709AB1C1C24668B003A41F9 /* nice_music.ogg in Resources */,
				0709AB1A1C24668B003A41F9 /* cute_image.jpg in Resources */,
			);
			runOnlyForDeploymentPostprocessing = 0;
		};
/* End PBXResourcesBuildPhase section */

/* Begin PBXShellScriptBuildPhase section */
		0709AB0C1C24668B003A41F9 /* ShellScript */ = {
			isa = PBXShellScriptBuildPhase;
			buildActionMask = 2147483647;
			files = (
			);
			inputPaths = (
			);
			outputPaths = (
			);
			runOnlyForDeploymentPostprocessing = 0;
			shellPath = /bin/sh;
			shellScript = "# This shell script simply copies required SFML dylibs/frameworks into the application bundle frameworks folder.\n# If you're using static libraries (which is not recommended) you should remove this script from your project.\n\n# Are we building a project that uses frameworks or dylibs?\ncase \"$SFML_BINARY_TYPE\" in\n    DYLIBS)\n        frameworks=\"false\"\n        ;;\n    *)\n        frameworks=\"true\"\n        ;;\nesac\n\n# Echoes to stderr\nerror () # $* message to display\n{\n    echo $* 1>&2\n    exit 2\n}\n\nassert () # $1 is a boolean, $2...N is an error message\n{\n    if [ $# -lt 2 ]\n    then\n        error \"Internal error in assert : not enough args\"\n    fi\n\n    if [ $1 -ne 0 ]\n    then\n        shift\n        error \"$*\"\n    fi\n}\n\nforce_remove () # $@ is some paths\n{\n    test $# -ge 1\n    assert $? \"force_remove() requires at least one parameter\"\n    rm -fr $@\n    assert $? \"couldn't remove $@\"\n}\n\ncopy () # $1 is a source, $2 is a destination\n{\n    test $# -eq 2\n    assert $? \"copy() requires two parameters\"\n    ditto \"$1\" \"$2\"\n    assert $? \"couldn't copy $1 to $2\"\n}\n\nrequire () # $1 is a SFML module like 'system' or 'audio'\n{\n    dest=\"$BUILT_PRODUCTS_DIR/$PRODUCT_NAME.app/Contents/Frameworks\"\n\n    if [ -z \"$1\" ]\n    then\n        error \"require() requires one parameter!\"\n    else\n        # clean potentially old stuff\n        force_remove \"$dest/libsfml-$1\"*\n        force_remove \"$dest/sfml-$1.framework\"\n\n        # copy SFML libraries\n        if [ \"$frameworks\" = \"true\" ]\n        then\n            source=\"/Library/Frameworks/sfml-$1.framework\"\n            target=\"sfml-$1.framework\"\n        elif [ \"$SFML_LINK_DYLIBS_SUFFIX\" = \"-d\" ]\n        then\n            source=\"/usr/local/lib/libsfml-$1-d.dylib\"\n            target=\"`readlink $source`\"\n        else\n            source=\"/usr/local/lib/libsfml-$1.dylib\"\n            target=\"`readlink $source`\"\n        fi\n\n        copy \"$source\" \"$dest/$target\"\n\n        # copy extra dependencies\n        if [ \"$1\" = \"audio\" ]\n        then\n            # copy sndfile framework too\n            copy \"/Library/Frameworks/sndfile.framework\" \"$dest/sndfile.framework\"\n        elif [ \"$1\" = \"graphics\" ]\n        then\n            # copy freetype framework too\n            copy \"/Library/Frameworks/freetype.framework\" \"$dest/freetype.framework\"\n        fi\n    fi\n}\n\nif [ -n \"$SFML_SYSTEM\" ]\nthen\n    require \"system\"\nfi\n\nif [ -n \"$SFML_AUDIO\" ]\nthen\n    require \"audio\"\nfi\n\nif [ -n \"$SFML_NETWORK\" ]\nthen\n    require \"network\"\nfi\n\nif [ -n \"$SFML_WINDOW\" ]\nthen\n    require \"window\"\nfi\n\nif [ -n \"$SFML_GRAPHICS\" ]\nthen\n    require \"graphics\"\nfi\n\n                ";
		};
/* End PBXShellScriptBuildPhase section */

/* Begin PBXSourcesBuildPhase section */
		0709AB091C24668B003A41F9 /* Sources */ = {
			isa = PBXSourcesBuildPhase;
			buildActionMask = 2147483647;
			files = (
				0709AB171C24668B003A41F9 /* main.cpp in Sources */,
				0709AB141C24668B003A41F9 /* ResourcePath.mm in Sources */,
			);
			runOnlyForDeploymentPostprocessing = 0;
		};
/* End PBXSourcesBuildPhase section */

/* Begin XCBuildConfiguration section */
		0709AB211C24668B003A41F9 /* Debug */ = {
			isa = XCBuildConfiguration;
			buildSettings = {
				ARCHS = (
					i386,
					x86_64,
				);
				CLANG_CXX_LANGUAGE_STANDARD = "c++0x";
				CLANG_CXX_LIBRARY = "libc++";
				FRAMEWORK_SEARCH_PATHS = (
					/Library/Frameworks/,
					"$(inherited)",
				);
				GCC_VERSION = com.apple.compilers.llvm.clang.1_0;
				HEADER_SEARCH_PATHS = (
					/usr/local/include/,
					"$(inherited)",
				);
				LIBRARY_SEARCH_PATHS = (
					/usr/local/lib/,
					"$(inherited)",
				);
				MACOSX_DEPLOYMENT_TARGET = 10.7;
				OTHER_LDFLAGS = (
					"$(inherited)",
					"$(SFML_SYSTEM)",
					"$(SFML_WINDOW)",
					"$(SFML_GRAPHICS)",
					"$(SFML_AUDIO)",
					"$(SFML_NETWORK)",
				);
				SFML_AUDIO = "$(SFML_LINK_PREFIX) sfml-audio$(SFML_LINK_SUFFIX)";
				SFML_BINARY_TYPE = DYLIBS;
				SFML_GRAPHICS = "$(SFML_LINK_PREFIX) sfml-graphics$(SFML_LINK_SUFFIX)";
				SFML_LINK_DYLIBS_PREFIX = "-l";
				SFML_LINK_DYLIBS_SUFFIX = "";
				SFML_LINK_FRAMEWORKS_PREFIX = "-framework";
				SFML_LINK_FRAMEWORKS_SUFFIX = "";
				SFML_LINK_PREFIX = "$(SFML_LINK_$(SFML_BINARY_TYPE)_PREFIX)";
				SFML_LINK_SUFFIX = "$(SFML_LINK_$(SFML_BINARY_TYPE)_SUFFIX)";
				SFML_NETWORK = "$(SFML_LINK_PREFIX) sfml-network$(SFML_LINK_SUFFIX)";
				SFML_SYSTEM = "$(SFML_LINK_PREFIX) sfml-system$(SFML_LINK_SUFFIX)";
				SFML_WINDOW = "$(SFML_LINK_PREFIX) sfml-window$(SFML_LINK_SUFFIX)";
				SUPPORTED_PLATFORMS = macosx;
			};
			name = Debug;
		};
		0709AB221C24668B003A41F9 /* Release */ = {
			isa = XCBuildConfiguration;
			buildSettings = {
				ARCHS = (
					i386,
					x86_64,
				);
				CLANG_CXX_LANGUAGE_STANDARD = "c++0x";
				CLANG_CXX_LIBRARY = "libc++";
				FRAMEWORK_SEARCH_PATHS = (
					/Library/Frameworks/,
					"$(inherited)",
				);
				GCC_VERSION = com.apple.compilers.llvm.clang.1_0;
				HEADER_SEARCH_PATHS = (
					/usr/local/include/,
					"$(inherited)",
				);
				LIBRARY_SEARCH_PATHS = (
					/usr/local/lib/,
					"$(inherited)",
				);
				MACOSX_DEPLOYMENT_TARGET = 10.7;
				OTHER_LDFLAGS = (
					"$(inherited)",
					"$(SFML_SYSTEM)",
					"$(SFML_WINDOW)",
					"$(SFML_GRAPHICS)",
					"$(SFML_AUDIO)",
					"$(SFML_NETWORK)",
				);
				SFML_AUDIO = "$(SFML_LINK_PREFIX) sfml-audio$(SFML_LINK_SUFFIX)";
				SFML_BINARY_TYPE = DYLIBS;
				SFML_GRAPHICS = "$(SFML_LINK_PREFIX) sfml-graphics$(SFML_LINK_SUFFIX)";
				SFML_LINK_DYLIBS_PREFIX = "-l";
				SFML_LINK_DYLIBS_SUFFIX = "";
				SFML_LINK_FRAMEWORKS_PREFIX = "-framework";
				SFML_LINK_FRAMEWORKS_SUFFIX = "";
				SFML_LINK_PREFIX = "$(SFML_LINK_$(SFML_BINARY_TYPE)_PREFIX)";
				SFML_LINK_SUFFIX = "$(SFML_LINK_$(SFML_BINARY_TYPE)_SUFFIX)";
				SFML_NETWORK = "$(SFML_LINK_PREFIX) sfml-network$(SFML_LINK_SUFFIX)";
				SFML_SYSTEM = "$(SFML_LINK_PREFIX) sfml-system$(SFML_LINK_SUFFIX)";
				SFML_WINDOW = "$(SFML_LINK_PREFIX) sfml-window$(SFML_LINK_SUFFIX)";
				SUPPORTED_PLATFORMS = macosx;
			};
			name = Release;
		};
		0709AB241C24668B003A41F9 /* Debug */ = {
			isa = XCBuildConfiguration;
			buildSettings = {
				INFOPLIST_FILE = "ToneBoards/ToneBoards-Info.plist";
				LD_RUNPATH_SEARCH_PATHS = "@loader_path/../Frameworks";
				PRODUCT_NAME = "$(TARGET_NAME)";
			};
			name = Debug;
		};
		0709AB251C24668B003A41F9 /* Release */ = {
			isa = XCBuildConfiguration;
			buildSettings = {
				INFOPLIST_FILE = "ToneBoards/ToneBoards-Info.plist";
				LD_RUNPATH_SEARCH_PATHS = "@loader_path/../Frameworks";
				PRODUCT_NAME = "$(TARGET_NAME)";
			};
			name = Release;
		};
/* End XCBuildConfiguration section */

/* Begin XCConfigurationList section */
		0709AB081C24668B003A41F9 /* Build configuration list for PBXProject "ToneBoards" */ = {
			isa = XCConfigurationList;
			buildConfigurations = (
				0709AB211C24668B003A41F9 /* Debug */,
				0709AB221C24668B003A41F9 /* Release */,
			);
			defaultConfigurationIsVisible = 0;
			defaultConfigurationName = Release;
		};
		0709AB231C24668B003A41F9 /* Build configuration list for PBXNativeTarget "ToneBoards" */ = {
			isa = XCConfigurationList;
			buildConfigurations = (
				0709AB241C24668B003A41F9 /* Debug */,
				0709AB251C24668B003A41F9 /* Release */,
			);
			defaultConfigurationIsVisible = 0;
		};
/* End XCConfigurationList section */
	};
	rootObject = 0709AB051C24668B003A41F9 /* Project object */;
}
