// !$*UTF8*$!
{
	archiveVersion = 1;
	classes = {
	};
	objectVersion = 46;
	objects = {

/* Begin PBXBuildFile section */
		0709AB141C24668B003A41F9 /* ResourcePath.mm in Sources */ = {isa = PBXBuildFile; fileRef = 0709AB131C24668B003A41F9 /* ResourcePath.mm */; };
		0709AB1E1C24668B003A41F9 /* sansation.ttf in Resources */ = {isa = PBXBuildFile; fileRef = 0709AB1D1C24668B003A41F9 /* sansation.ttf */; };
		0709AB281C2466CD003A41F9 /* scrollbar.cpp in Sources */ = {isa = PBXBuildFile; fileRef = 0709AB261C2466CD003A41F9 /* scrollbar.cpp */; };
		0709AB2A1C2466EF003A41F9 /* main.mm in Sources */ = {isa = PBXBuildFile; fileRef = 0709AB291C2466EF003A41F9 /* main.mm */; };
		0709AB2C1C246717003A41F9 /* TONESv10 in Resources */ = {isa = PBXBuildFile; fileRef = 0709AB2B1C246717003A41F9 /* TONESv10 */; };
		0709AB2E1C246736003A41F9 /* sConfigFiles in Resources */ = {isa = PBXBuildFile; fileRef = 0709AB2D1C246736003A41F9 /* sConfigFiles */; };
		0709AB3B1C2467C4003A41F9 /* empty_template_cfg_.txt in Resources */ = {isa = PBXBuildFile; fileRef = 0709AB391C2467C4003A41F9 /* empty_template_cfg_.txt */; };
		0709AB3C1C2467C4003A41F9 /* graphic.png in Resources */ = {isa = PBXBuildFile; fileRef = 0709AB3A1C2467C4003A41F9 /* graphic.png */; };
		0709AB3E1C2467E1003A41F9 /* numbers_2_notes.txt in Resources */ = {isa = PBXBuildFile; fileRef = 0709AB3D1C2467E1003A41F9 /* numbers_2_notes.txt */; };
		0709AB401C246875003A41F9 /* Images.xcassets in Resources */ = {isa = PBXBuildFile; fileRef = 0709AB3F1C246875003A41F9 /* Images.xcassets */; };
		070C2C2E1CD7CFBA0055D6FF /* volumefooter.cpp in Sources */ = {isa = PBXBuildFile; fileRef = 070C2C2C1CD7CFBA0055D6FF /* volumefooter.cpp */; };
		07432F1A1C5C1E38000DB10E /* TBiconv1_128.png in Resources */ = {isa = PBXBuildFile; fileRef = 07432F161C5C1E38000DB10E /* TBiconv1_128.png */; };
		07432F1B1C5C1E38000DB10E /* TBiconv1_256.png in Resources */ = {isa = PBXBuildFile; fileRef = 07432F171C5C1E38000DB10E /* TBiconv1_256.png */; };
		07432F1C1C5C1E38000DB10E /* TBiconv1_512.png in Resources */ = {isa = PBXBuildFile; fileRef = 07432F181C5C1E38000DB10E /* TBiconv1_512.png */; };
		07432F1D1C5C1E38000DB10E /* TBiconv1_1024.png in Resources */ = {isa = PBXBuildFile; fileRef = 07432F191C5C1E38000DB10E /* TBiconv1_1024.png */; };
		07972F1E1C77600200AFE018 /* FLAC.framework in Frameworks */ = {isa = PBXBuildFile; fileRef = 07972F1C1C77600200AFE018 /* FLAC.framework */; };
		07972F1F1C77600200AFE018 /* FLAC.framework in Embed Frameworks */ = {isa = PBXBuildFile; fileRef = 07972F1C1C77600200AFE018 /* FLAC.framework */; settings = {ATTRIBUTES = (CodeSignOnCopy, RemoveHeadersOnCopy, ); }; };
		07972F201C77600200AFE018 /* freetype.framework in Frameworks */ = {isa = PBXBuildFile; fileRef = 07972F1D1C77600200AFE018 /* freetype.framework */; };
		07972F211C77600200AFE018 /* freetype.framework in Embed Frameworks */ = {isa = PBXBuildFile; fileRef = 07972F1D1C77600200AFE018 /* freetype.framework */; settings = {ATTRIBUTES = (CodeSignOnCopy, RemoveHeadersOnCopy, ); }; };
		07972F251C77601D00AFE018 /* ogg.framework in Frameworks */ = {isa = PBXBuildFile; fileRef = 07972F231C77601D00AFE018 /* ogg.framework */; };
		07972F261C77601D00AFE018 /* ogg.framework in Embed Frameworks */ = {isa = PBXBuildFile; fileRef = 07972F231C77601D00AFE018 /* ogg.framework */; settings = {ATTRIBUTES = (CodeSignOnCopy, RemoveHeadersOnCopy, ); }; };
		07972F271C77601E00AFE018 /* OpenAL.framework in Frameworks */ = {isa = PBXBuildFile; fileRef = 07972F241C77601D00AFE018 /* OpenAL.framework */; };
		07972F281C77601E00AFE018 /* OpenAL.framework in Embed Frameworks */ = {isa = PBXBuildFile; fileRef = 07972F241C77601D00AFE018 /* OpenAL.framework */; settings = {ATTRIBUTES = (CodeSignOnCopy, RemoveHeadersOnCopy, ); }; };
		07972F2C1C77604700AFE018 /* vorbis.framework in Frameworks */ = {isa = PBXBuildFile; fileRef = 07972F291C77604700AFE018 /* vorbis.framework */; };
		07972F2D1C77604700AFE018 /* vorbis.framework in Embed Frameworks */ = {isa = PBXBuildFile; fileRef = 07972F291C77604700AFE018 /* vorbis.framework */; settings = {ATTRIBUTES = (CodeSignOnCopy, RemoveHeadersOnCopy, ); }; };
		07972F2E1C77604700AFE018 /* vorbisenc.framework in Frameworks */ = {isa = PBXBuildFile; fileRef = 07972F2A1C77604700AFE018 /* vorbisenc.framework */; };
		07972F2F1C77604700AFE018 /* vorbisenc.framework in Embed Frameworks */ = {isa = PBXBuildFile; fileRef = 07972F2A1C77604700AFE018 /* vorbisenc.framework */; settings = {ATTRIBUTES = (CodeSignOnCopy, RemoveHeadersOnCopy, ); }; };
		07972F301C77604700AFE018 /* vorbisfile.framework in Frameworks */ = {isa = PBXBuildFile; fileRef = 07972F2B1C77604700AFE018 /* vorbisfile.framework */; };
		07972F311C77604700AFE018 /* vorbisfile.framework in Embed Frameworks */ = {isa = PBXBuildFile; fileRef = 07972F2B1C77604700AFE018 /* vorbisfile.framework */; settings = {ATTRIBUTES = (CodeSignOnCopy, RemoveHeadersOnCopy, ); }; };
		07D97BB61C629856003ACE0A /* data.txt in Resources */ = {isa = PBXBuildFile; fileRef = 07D97BB51C629856003ACE0A /* data.txt */; };
		07D97BB91C65385B003ACE0A /* NSFileManager+DirectoryLocations.m in Sources */ = {isa = PBXBuildFile; fileRef = 07D97BB81C65385B003ACE0A /* NSFileManager+DirectoryLocations.m */; };
/* End PBXBuildFile section */

/* Begin PBXCopyFilesBuildPhase section */
		07972F221C77600200AFE018 /* Embed Frameworks */ = {
			isa = PBXCopyFilesBuildPhase;
			buildActionMask = 2147483647;
			dstPath = "";
			dstSubfolderSpec = 10;
			files = (
				07972F211C77600200AFE018 /* freetype.framework in Embed Frameworks */,
				07972F1F1C77600200AFE018 /* FLAC.framework in Embed Frameworks */,
				07972F311C77604700AFE018 /* vorbisfile.framework in Embed Frameworks */,
				07972F2F1C77604700AFE018 /* vorbisenc.framework in Embed Frameworks */,
				07972F2D1C77604700AFE018 /* vorbis.framework in Embed Frameworks */,
				07972F261C77601D00AFE018 /* ogg.framework in Embed Frameworks */,
				07972F281C77601E00AFE018 /* OpenAL.framework in Embed Frameworks */,
			);
			name = "Embed Frameworks";
			runOnlyForDeploymentPostprocessing = 0;
		};
/* End PBXCopyFilesBuildPhase section */

/* Begin PBXFileReference section */
		0709AB0E1C24668B003A41F9 /* ToneBoards.app */ = {isa = PBXFileReference; explicitFileType = wrapper.application; includeInIndex = 0; path = ToneBoards.app; sourceTree = BUILT_PRODUCTS_DIR; };
		0709AB121C24668B003A41F9 /* ToneBoards-Info.plist */ = {isa = PBXFileReference; lastKnownFileType = text.plist.xml; path = "ToneBoards-Info.plist"; sourceTree = "<group>"; };
		0709AB131C24668B003A41F9 /* ResourcePath.mm */ = {isa = PBXFileReference; lastKnownFileType = sourcecode.cpp.objcpp; path = ResourcePath.mm; sourceTree = "<group>"; };
		0709AB151C24668B003A41F9 /* ResourcePath.hpp */ = {isa = PBXFileReference; lastKnownFileType = sourcecode.cpp.h; path = ResourcePath.hpp; sourceTree = "<group>"; };
		0709AB1D1C24668B003A41F9 /* sansation.ttf */ = {isa = PBXFileReference; lastKnownFileType = file; path = sansation.ttf; sourceTree = "<group>"; };
		0709AB261C2466CD003A41F9 /* scrollbar.cpp */ = {isa = PBXFileReference; fileEncoding = 4; lastKnownFileType = sourcecode.cpp.cpp; path = scrollbar.cpp; sourceTree = "<group>"; };
		0709AB271C2466CD003A41F9 /* scrollbar.hpp */ = {isa = PBXFileReference; fileEncoding = 4; lastKnownFileType = sourcecode.cpp.h; path = scrollbar.hpp; sourceTree = "<group>"; };
		0709AB291C2466EF003A41F9 /* main.mm */ = {isa = PBXFileReference; fileEncoding = 4; lastKnownFileType = sourcecode.cpp.objcpp; path = main.mm; sourceTree = "<group>"; };
		0709AB2B1C246717003A41F9 /* TONESv10 */ = {isa = PBXFileReference; lastKnownFileType = folder; path = TONESv10; sourceTree = "<group>"; };
		0709AB2D1C246736003A41F9 /* sConfigFiles */ = {isa = PBXFileReference; lastKnownFileType = folder; path = sConfigFiles; sourceTree = "<group>"; };
		0709AB391C2467C4003A41F9 /* empty_template_cfg_.txt */ = {isa = PBXFileReference; fileEncoding = 4; lastKnownFileType = text; path = empty_template_cfg_.txt; sourceTree = "<group>"; };
		0709AB3A1C2467C4003A41F9 /* graphic.png */ = {isa = PBXFileReference; lastKnownFileType = image.png; path = graphic.png; sourceTree = "<group>"; };
		0709AB3D1C2467E1003A41F9 /* numbers_2_notes.txt */ = {isa = PBXFileReference; fileEncoding = 4; lastKnownFileType = text; path = numbers_2_notes.txt; sourceTree = "<group>"; };
		0709AB3F1C246875003A41F9 /* Images.xcassets */ = {isa = PBXFileReference; lastKnownFileType = folder.assetcatalog; path = Images.xcassets; sourceTree = "<group>"; };
		0709AB411C246911003A41F9 /* ToneBoards.entitlements */ = {isa = PBXFileReference; lastKnownFileType = text.xml; path = ToneBoards.entitlements; sourceTree = "<group>"; };
		070C2C2C1CD7CFBA0055D6FF /* volumefooter.cpp */ = {isa = PBXFileReference; fileEncoding = 4; lastKnownFileType = sourcecode.cpp.cpp; path = volumefooter.cpp; sourceTree = "<group>"; };
		070C2C2D1CD7CFBA0055D6FF /* volumefooter.hpp */ = {isa = PBXFileReference; fileEncoding = 4; lastKnownFileType = sourcecode.cpp.h; path = volumefooter.hpp; sourceTree = "<group>"; };
		07432F161C5C1E38000DB10E /* TBiconv1_128.png */ = {isa = PBXFileReference; lastKnownFileType = image.png; path = TBiconv1_128.png; sourceTree = "<group>"; };
		07432F171C5C1E38000DB10E /* TBiconv1_256.png */ = {isa = PBXFileReference; lastKnownFileType = image.png; path = TBiconv1_256.png; sourceTree = "<group>"; };
		07432F181C5C1E38000DB10E /* TBiconv1_512.png */ = {isa = PBXFileReference; lastKnownFileType = image.png; path = TBiconv1_512.png; sourceTree = "<group>"; };
		07432F191C5C1E38000DB10E /* TBiconv1_1024.png */ = {isa = PBXFileReference; lastKnownFileType = image.png; path = TBiconv1_1024.png; sourceTree = "<group>"; };
		07972F1C1C77600200AFE018 /* FLAC.framework */ = {isa = PBXFileReference; lastKnownFileType = wrapper.framework; path = FLAC.framework; sourceTree = "<group>"; };
		07972F1D1C77600200AFE018 /* freetype.framework */ = {isa = PBXFileReference; lastKnownFileType = wrapper.framework; path = freetype.framework; sourceTree = "<group>"; };
		07972F231C77601D00AFE018 /* ogg.framework */ = {isa = PBXFileReference; lastKnownFileType = wrapper.framework; path = ogg.framework; sourceTree = "<group>"; };
		07972F241C77601D00AFE018 /* OpenAL.framework */ = {isa = PBXFileReference; lastKnownFileType = wrapper.framework; path = OpenAL.framework; sourceTree = "<group>"; };
		07972F291C77604700AFE018 /* vorbis.framework */ = {isa = PBXFileReference; lastKnownFileType = wrapper.framework; path = vorbis.framework; sourceTree = "<group>"; };
		07972F2A1C77604700AFE018 /* vorbisenc.framework */ = {isa = PBXFileReference; lastKnownFileType = wrapper.framework; path = vorbisenc.framework; sourceTree = "<group>"; };
		07972F2B1C77604700AFE018 /* vorbisfile.framework */ = {isa = PBXFileReference; lastKnownFileType = wrapper.framework; path = vorbisfile.framework; sourceTree = "<group>"; };
		07D97BB51C629856003ACE0A /* data.txt */ = {isa = PBXFileReference; fileEncoding = 4; lastKnownFileType = text; path = data.txt; sourceTree = "<group>"; };
		07D97BB71C65385B003ACE0A /* NSFileManager+DirectoryLocations.h */ = {isa = PBXFileReference; fileEncoding = 4; lastKnownFileType = sourcecode.c.h; path = "NSFileManager+DirectoryLocations.h"; sourceTree = "<group>"; };
		07D97BB81C65385B003ACE0A /* NSFileManager+DirectoryLocations.m */ = {isa = PBXFileReference; fileEncoding = 4; lastKnownFileType = sourcecode.c.objc; path = "NSFileManager+DirectoryLocations.m"; sourceTree = "<group>"; };
/* End PBXFileReference section */

/* Begin PBXFrameworksBuildPhase section */
		0709AB0A1C24668B003A41F9 /* Frameworks */ = {
			isa = PBXFrameworksBuildPhase;
			buildActionMask = 2147483647;
			files = (
				07972F201C77600200AFE018 /* freetype.framework in Frameworks */,
				07972F1E1C77600200AFE018 /* FLAC.framework in Frameworks */,
				07972F301C77604700AFE018 /* vorbisfile.framework in Frameworks */,
				07972F2E1C77604700AFE018 /* vorbisenc.framework in Frameworks */,
				07972F2C1C77604700AFE018 /* vorbis.framework in Frameworks */,
				07972F251C77601D00AFE018 /* ogg.framework in Frameworks */,
				07972F271C77601E00AFE018 /* OpenAL.framework in Frameworks */,
			);
			runOnlyForDeploymentPostprocessing = 0;
		};
/* End PBXFrameworksBuildPhase section */

/* Begin PBXGroup section */
		0709AB041C24668B003A41F9 = {
			isa = PBXGroup;
			children = (
				07972F291C77604700AFE018 /* vorbis.framework */,
				07972F2A1C77604700AFE018 /* vorbisenc.framework */,
				07972F2B1C77604700AFE018 /* vorbisfile.framework */,
				07972F231C77601D00AFE018 /* ogg.framework */,
				07972F241C77601D00AFE018 /* OpenAL.framework */,
				07972F1C1C77600200AFE018 /* FLAC.framework */,
				07972F1D1C77600200AFE018 /* freetype.framework */,
				0709AB101C24668B003A41F9 /* ToneBoards */,
				0709AB0F1C24668B003A41F9 /* Products */,
			);
			sourceTree = "<group>";
		};
		0709AB0F1C24668B003A41F9 /* Products */ = {
			isa = PBXGroup;
			children = (
				0709AB0E1C24668B003A41F9 /* ToneBoards.app */,
			);
			name = Products;
			sourceTree = "<group>";
		};
		0709AB101C24668B003A41F9 /* ToneBoards */ = {
			isa = PBXGroup;
			children = (
				0709AB411C246911003A41F9 /* ToneBoards.entitlements */,
				0709AB291C2466EF003A41F9 /* main.mm */,
				0709AB261C2466CD003A41F9 /* scrollbar.cpp */,
				0709AB271C2466CD003A41F9 /* scrollbar.hpp */,
				0709AB131C24668B003A41F9 /* ResourcePath.mm */,
				0709AB151C24668B003A41F9 /* ResourcePath.hpp */,
				07D97BB81C65385B003ACE0A /* NSFileManager+DirectoryLocations.m */,
				07D97BB71C65385B003ACE0A /* NSFileManager+DirectoryLocations.h */,
				070C2C2C1CD7CFBA0055D6FF /* volumefooter.cpp */,
				070C2C2D1CD7CFBA0055D6FF /* volumefooter.hpp */,
				0709AB181C24668B003A41F9 /* Resources */,
				0709AB3F1C246875003A41F9 /* Images.xcassets */,
				0709AB111C24668B003A41F9 /* Supporting Files */,
			);
			path = ToneBoards;
			sourceTree = "<group>";
		};
		0709AB111C24668B003A41F9 /* Supporting Files */ = {
			isa = PBXGroup;
			children = (
				0709AB121C24668B003A41F9 /* ToneBoards-Info.plist */,
			);
			name = "Supporting Files";
			sourceTree = "<group>";
		};
		0709AB181C24668B003A41F9 /* Resources */ = {
			isa = PBXGroup;
			children = (
				07432F161C5C1E38000DB10E /* TBiconv1_128.png */,
				07432F171C5C1E38000DB10E /* TBiconv1_256.png */,
				07432F181C5C1E38000DB10E /* TBiconv1_512.png */,
				07432F191C5C1E38000DB10E /* TBiconv1_1024.png */,
				0709AB3D1C2467E1003A41F9 /* numbers_2_notes.txt */,
				0709AB391C2467C4003A41F9 /* empty_template_cfg_.txt */,
				0709AB1D1C24668B003A41F9 /* sansation.ttf */,
				0709AB3A1C2467C4003A41F9 /* graphic.png */,
				07D97BB51C629856003ACE0A /* data.txt */,
				0709AB2D1C246736003A41F9 /* sConfigFiles */,
				0709AB2B1C246717003A41F9 /* TONESv10 */,
			);
			name = Resources;
			sourceTree = "<group>";
		};
/* End PBXGroup section */

/* Begin PBXNativeTarget section */
		0709AB0D1C24668B003A41F9 /* ToneBoards */ = {
			isa = PBXNativeTarget;
			buildConfigurationList = 0709AB231C24668B003A41F9 /* Build configuration list for PBXNativeTarget "ToneBoards" */;
			buildPhases = (
				0709AB091C24668B003A41F9 /* Sources */,
				0709AB0A1C24668B003A41F9 /* Frameworks */,
				0709AB0B1C24668B003A41F9 /* Resources */,
				0709AB0C1C24668B003A41F9 /* ShellScript */,
				07972F221C77600200AFE018 /* Embed Frameworks */,
			);
			buildRules = (
			);
			dependencies = (
			);
			name = ToneBoards;
			productName = ToneBoards;
			productReference = 0709AB0E1C24668B003A41F9 /* ToneBoards.app */;
			productType = "com.apple.product-type.application";
		};
/* End PBXNativeTarget section */

/* Begin PBXProject section */
		0709AB051C24668B003A41F9 /* Project object */ = {
			isa = PBXProject;
			attributes = {
				LastUpgradeCheck = 0720;
				ORGANIZATIONNAME = "kipplebits llc";
				TargetAttributes = {
					0709AB0D1C24668B003A41F9 = {
						CreatedOnToolsVersion = 7.2;
						DevelopmentTeam = BM9EC6ZBD4;
						SystemCapabilities = {
							com.apple.Sandbox = {
								enabled = 1;
							};
						};
					};
				};
			};
			buildConfigurationList = 0709AB081C24668B003A41F9 /* Build configuration list for PBXProject "ToneBoards" */;
			compatibilityVersion = "Xcode 3.2";
			developmentRegion = English;
			hasScannedForEncodings = 0;
			knownRegions = (
				en,
			);
			mainGroup = 0709AB041C24668B003A41F9;
			productRefGroup = 0709AB0F1C24668B003A41F9 /* Products */;
			projectDirPath = "";
			projectRoot = "";
			targets = (
				0709AB0D1C24668B003A41F9 /* ToneBoards */,
			);
		};
/* End PBXProject section */

/* Begin PBXResourcesBuildPhase section */
		0709AB0B1C24668B003A41F9 /* Resources */ = {
			isa = PBXResourcesBuildPhase;
			buildActionMask = 2147483647;
			files = (
				07D97BB61C629856003ACE0A /* data.txt in Resources */,
				0709AB3C1C2467C4003A41F9 /* graphic.png in Resources */,
				0709AB3E1C2467E1003A41F9 /* numbers_2_notes.txt in Resources */,
				0709AB3B1C2467C4003A41F9 /* empty_template_cfg_.txt in Resources */,
				07432F1D1C5C1E38000DB10E /* TBiconv1_1024.png in Resources */,
				0709AB2E1C246736003A41F9 /* sConfigFiles in Resources */,
				07432F1A1C5C1E38000DB10E /* TBiconv1_128.png in Resources */,
				07432F1C1C5C1E38000DB10E /* TBiconv1_512.png in Resources */,
				0709AB2C1C246717003A41F9 /* TONESv10 in Resources */,
				0709AB1E1C24668B003A41F9 /* sansation.ttf in Resources */,
				0709AB401C246875003A41F9 /* Images.xcassets in Resources */,
				07432F1B1C5C1E38000DB10E /* TBiconv1_256.png in Resources */,
			);
			runOnlyForDeploymentPostprocessing = 0;
		};
/* End PBXResourcesBuildPhase section */

/* Begin PBXShellScriptBuildPhase section */
		0709AB0C1C24668B003A41F9 /* ShellScript */ = {
			isa = PBXShellScriptBuildPhase;
			buildActionMask = 2147483647;
			files = (
			);
			inputPaths = (
			);
			outputPaths = (
			);
			runOnlyForDeploymentPostprocessing = 0;
			shellPath = /bin/sh;
			shellScript = "# This shell script simply copies required SFML dylibs/frameworks into the application bundle frameworks folder.\n# If you're using static libraries (which is not recommended) you should remove this script from your project.\n\n# Are we building a project that uses frameworks or dylibs?\ncase \"$SFML_BINARY_TYPE\" in\n    DYLIBS)\n        frameworks=\"false\"\n        ;;\n    *)\n        frameworks=\"true\"\n        ;;\nesac\n\n# Echoes to stderr\nerror () # $* message to display\n{\n    echo $* 1>&2\n    exit 2\n}\n\nassert () # $1 is a boolean, $2...N is an error message\n{\n    if [ $# -lt 2 ]\n    then\n        error \"Internal error in assert : not enough args\"\n    fi\n\n    if [ $1 -ne 0 ]\n    then\n        shift\n        error \"$*\"\n    fi\n}\n\nforce_remove () # $@ is some paths\n{\n    test $# -ge 1\n    assert $? \"force_remove() requires at least one parameter\"\n    rm -fr $@\n    assert $? \"couldn't remove $@\"\n}\n\ncopy () # $1 is a source, $2 is a destination\n{\n    test $# -eq 2\n    assert $? \"copy() requires two parameters\"\n    ditto \"$1\" \"$2\"\n    assert $? \"couldn't copy $1 to $2\"\n}\n\nrequire () # $1 is a SFML module like 'system' or 'audio'\n{\n    dest=\"$BUILT_PRODUCTS_DIR/$PRODUCT_NAME.app/Contents/Frameworks\"\n\n    if [ -z \"$1\" ]\n    then\n        error \"require() requires one parameter!\"\n    else\n        # clean potentially old stuff\n        force_remove \"$dest/libsfml-$1\"*\n        force_remove \"$dest/sfml-$1.framework\"\n\n        # copy SFML libraries\n        if [ \"$frameworks\" = \"true\" ]\n        then\n            source=\"/Library/Frameworks/sfml-$1.framework\"\n            target=\"sfml-$1.framework\"\n        elif [ \"$SFML_LINK_DYLIBS_SUFFIX\" = \"-d\" ]\n        then\n            source=\"/usr/local/lib/libsfml-$1-d.dylib\"\n            target=\"`readlink $source`\"\n        else\n            source=\"/usr/local/lib/libsfml-$1.dylib\"\n            target=\"`readlink $source`\"\n        fi\n\n        copy \"$source\" \"$dest/$target\"\n\n        # copy extra dependencies\n        if [ \"$1\" = \"audio\" ]\n        then\n            # copy sndfile framework too\n            copy \"/Library/Frameworks/sndfile.framework\" \"$dest/sndfile.framework\"\n        elif [ \"$1\" = \"graphics\" ]\n        then\n            # copy freetype framework too\n            copy \"/Library/Frameworks/freetype.framework\" \"$dest/freetype.framework\"\n        fi\n    fi\n}\n\nif [ -n \"$SFML_SYSTEM\" ]\nthen\n    require \"system\"\nfi\n\nif [ -n \"$SFML_AUDIO\" ]\nthen\n    require \"audio\"\nfi\n\nif [ -n \"$SFML_NETWORK\" ]\nthen\n    require \"network\"\nfi\n\nif [ -n \"$SFML_WINDOW\" ]\nthen\n    require \"window\"\nfi\n\nif [ -n \"$SFML_GRAPHICS\" ]\nthen\n    require \"graphics\"\nfi\n\n                ";
		};
/* End PBXShellScriptBuildPhase section */

/* Begin PBXSourcesBuildPhase section */
		0709AB091C24668B003A41F9 /* Sources */ = {
			isa = PBXSourcesBuildPhase;
			buildActionMask = 2147483647;
			files = (
				0709AB281C2466CD003A41F9 /* scrollbar.cpp in Sources */,
				07D97BB91C65385B003ACE0A /* NSFileManager+DirectoryLocations.m in Sources */,
				070C2C2E1CD7CFBA0055D6FF /* volumefooter.cpp in Sources */,
				0709AB141C24668B003A41F9 /* ResourcePath.mm in Sources */,
				0709AB2A1C2466EF003A41F9 /* main.mm in Sources */,
			);
			runOnlyForDeploymentPostprocessing = 0;
		};
/* End PBXSourcesBuildPhase section */

/* Begin XCBuildConfiguration section */
		0709AB211C24668B003A41F9 /* Debug */ = {
			isa = XCBuildConfiguration;
			buildSettings = {
				ARCHS = (
					i386,
					x86_64,
				);
				CLANG_CXX_LANGUAGE_STANDARD = "c++0x";
				CLANG_CXX_LIBRARY = "libc++";
				FRAMEWORK_SEARCH_PATHS = (
					/Library/Frameworks/,
					"$(inherited)",
				);
				GCC_VERSION = com.apple.compilers.llvm.clang.1_0;
				HEADER_SEARCH_PATHS = (
					/usr/local/include/,
					"$(inherited)",
				);
				LIBRARY_SEARCH_PATHS = (
					/usr/local/lib/,
					"$(inherited)",
				);
				MACOSX_DEPLOYMENT_TARGET = 10.7;
				OTHER_LDFLAGS = (
					"$(inherited)",
					"$(SFML_SYSTEM)",
					"$(SFML_WINDOW)",
					"$(SFML_GRAPHICS)",
					"$(SFML_AUDIO)",
					"$(SFML_NETWORK)",
				);
				SFML_AUDIO = "$(SFML_LINK_PREFIX) sfml-audio$(SFML_LINK_SUFFIX)";
				SFML_BINARY_TYPE = DYLIBS;
				SFML_GRAPHICS = "$(SFML_LINK_PREFIX) sfml-graphics$(SFML_LINK_SUFFIX)";
				SFML_LINK_DYLIBS_PREFIX = "-l";
				SFML_LINK_DYLIBS_SUFFIX = "";
				SFML_LINK_FRAMEWORKS_PREFIX = "-framework";
				SFML_LINK_FRAMEWORKS_SUFFIX = "";
				SFML_LINK_PREFIX = "$(SFML_LINK_$(SFML_BINARY_TYPE)_PREFIX)";
				SFML_LINK_SUFFIX = "$(SFML_LINK_$(SFML_BINARY_TYPE)_SUFFIX)";
				SFML_NETWORK = "$(SFML_LINK_PREFIX) sfml-network$(SFML_LINK_SUFFIX)";
				SFML_SYSTEM = "$(SFML_LINK_PREFIX) sfml-system$(SFML_LINK_SUFFIX)";
				SFML_WINDOW = "$(SFML_LINK_PREFIX) sfml-window$(SFML_LINK_SUFFIX)";
				SUPPORTED_PLATFORMS = macosx;
			};
			name = Debug;
		};
		0709AB221C24668B003A41F9 /* Release */ = {
			isa = XCBuildConfiguration;
			buildSettings = {
				ARCHS = (
					i386,
					x86_64,
				);
				CLANG_CXX_LANGUAGE_STANDARD = "c++0x";
				CLANG_CXX_LIBRARY = "libc++";
				FRAMEWORK_SEARCH_PATHS = (
					/Library/Frameworks/,
					"$(inherited)",
				);
				GCC_VERSION = com.apple.compilers.llvm.clang.1_0;
				HEADER_SEARCH_PATHS = (
					/usr/local/include/,
					"$(inherited)",
				);
				LIBRARY_SEARCH_PATHS = (
					/usr/local/lib/,
					"$(inherited)",
				);
				MACOSX_DEPLOYMENT_TARGET = 10.7;
				OTHER_LDFLAGS = (
					"$(inherited)",
					"$(SFML_SYSTEM)",
					"$(SFML_WINDOW)",
					"$(SFML_GRAPHICS)",
					"$(SFML_AUDIO)",
					"$(SFML_NETWORK)",
				);
				SFML_AUDIO = "$(SFML_LINK_PREFIX) sfml-audio$(SFML_LINK_SUFFIX)";
				SFML_BINARY_TYPE = DYLIBS;
				SFML_GRAPHICS = "$(SFML_LINK_PREFIX) sfml-graphics$(SFML_LINK_SUFFIX)";
				SFML_LINK_DYLIBS_PREFIX = "-l";
				SFML_LINK_DYLIBS_SUFFIX = "";
				SFML_LINK_FRAMEWORKS_PREFIX = "-framework";
				SFML_LINK_FRAMEWORKS_SUFFIX = "";
				SFML_LINK_PREFIX = "$(SFML_LINK_$(SFML_BINARY_TYPE)_PREFIX)";
				SFML_LINK_SUFFIX = "$(SFML_LINK_$(SFML_BINARY_TYPE)_SUFFIX)";
				SFML_NETWORK = "$(SFML_LINK_PREFIX) sfml-network$(SFML_LINK_SUFFIX)";
				SFML_SYSTEM = "$(SFML_LINK_PREFIX) sfml-system$(SFML_LINK_SUFFIX)";
				SFML_WINDOW = "$(SFML_LINK_PREFIX) sfml-window$(SFML_LINK_SUFFIX)";
				SUPPORTED_PLATFORMS = macosx;
			};
			name = Release;
		};
		0709AB241C24668B003A41F9 /* Debug */ = {
			isa = XCBuildConfiguration;
			buildSettings = {
				ARCHS = "$(ARCHS_STANDARD_32_64_BIT)";
				ASSETCATALOG_COMPILER_APPICON_NAME = AppIcon;
				CODE_SIGN_ENTITLEMENTS = ToneBoards/ToneBoards.entitlements;
				CODE_SIGN_IDENTITY = "Mac Developer";
				"CODE_SIGN_IDENTITY[sdk=macosx*]" = "Mac Developer";
				DEBUG_INFORMATION_FORMAT = "dwarf-with-dsym";
				FRAMEWORK_SEARCH_PATHS = (
					"$(inherited)",
					"$(LOCAL_LIBRARY_DIR)/Frameworks",
					"$(PROJECT_DIR)",
				);
				INFOPLIST_FILE = "ToneBoards/ToneBoards-Info.plist";
				LD_RUNPATH_SEARCH_PATHS = "@loader_path/../Frameworks @executable_path/../Frameworks";
				OTHER_CODE_SIGN_FLAGS = "--deep";
				PRODUCT_NAME = "$(TARGET_NAME)";
				PROVISIONING_PROFILE = "";
				SDKROOT = macosx;
				SFML_AUDIO = "$(SFML_LINK_PREFIX) sfml-audio$(SFML_LINK_SUFFIX)";
				SFML_BINARY_TYPE = FRAMEWORKS;
				SFML_GRAPHICS = "$(SFML_LINK_PREFIX) sfml-graphics$(SFML_LINK_SUFFIX)";
				SFML_LINK_FRAMEWORKS_PREFIX = "-framework";
				SFML_LINK_PREFIX = "$(SFML_LINK_$(SFML_BINARY_TYPE)_PREFIX)";
				SFML_NETWORK = "$(SFML_LINK_PREFIX) sfml-network$(SFML_LINK_SUFFIX)";
				SFML_SYSTEM = "$(SFML_LINK_PREFIX) sfml-system$(SFML_LINK_SUFFIX)";
				SFML_WINDOW = "$(SFML_LINK_PREFIX) sfml-window$(SFML_LINK_SUFFIX)";
			};
			name = Debug;
		};
		0709AB251C24668B003A41F9 /* Release */ = {
			isa = XCBuildConfiguration;
			buildSettings = {
				ARCHS = "$(ARCHS_STANDARD_32_64_BIT)";
				ASSETCATALOG_COMPILER_APPICON_NAME = AppIcon;
				CODE_SIGN_ENTITLEMENTS = ToneBoards/ToneBoards.entitlements;
				CODE_SIGN_IDENTITY = "Mac Developer";
				"CODE_SIGN_IDENTITY[sdk=macosx*]" = "Mac Developer";
				DEBUG_INFORMATION_FORMAT = "dwarf-with-dsym";
				FRAMEWORK_SEARCH_PATHS = (
					"$(inherited)",
					"$(LOCAL_LIBRARY_DIR)/Frameworks",
					"$(PROJECT_DIR)",
				);
				INFOPLIST_FILE = "ToneBoards/ToneBoards-Info.plist";
				LD_RUNPATH_SEARCH_PATHS = "@loader_path/../Frameworks @executable_path/../Frameworks";
				OTHER_CODE_SIGN_FLAGS = "--deep";
				PRODUCT_NAME = "$(TARGET_NAME)";
				PROVISIONING_PROFILE = "";
				SDKROOT = macosx;
				SFML_AUDIO = "$(SFML_LINK_PREFIX) sfml-audio$(SFML_LINK_SUFFIX)";
				SFML_BINARY_TYPE = FRAMEWORKS;
				SFML_GRAPHICS = "$(SFML_LINK_PREFIX) sfml-graphics$(SFML_LINK_SUFFIX)";
				SFML_LINK_FRAMEWORKS_PREFIX = "-framework";
				SFML_LINK_PREFIX = "$(SFML_LINK_$(SFML_BINARY_TYPE)_PREFIX)";
				SFML_NETWORK = "$(SFML_LINK_PREFIX) sfml-network$(SFML_LINK_SUFFIX)";
				SFML_SYSTEM = "$(SFML_LINK_PREFIX) sfml-system$(SFML_LINK_SUFFIX)";
				SFML_WINDOW = "$(SFML_LINK_PREFIX) sfml-window$(SFML_LINK_SUFFIX)";
			};
			name = Release;
		};
/* End XCBuildConfiguration section */

/* Begin XCConfigurationList section */
		0709AB081C24668B003A41F9 /* Build configuration list for PBXProject "ToneBoards" */ = {
			isa = XCConfigurationList;
			buildConfigurations = (
				0709AB211C24668B003A41F9 /* Debug */,
				0709AB221C24668B003A41F9 /* Release */,
			);
			defaultConfigurationIsVisible = 0;
			defaultConfigurationName = Release;
		};
		0709AB231C24668B003A41F9 /* Build configuration list for PBXNativeTarget "ToneBoards" */ = {
			isa = XCConfigurationList;
			buildConfigurations = (
				0709AB241C24668B003A41F9 /* Debug */,
				0709AB251C24668B003A41F9 /* Release */,
			);
			defaultConfigurationIsVisible = 0;
			defaultConfigurationName = Release;
		};
/* End XCConfigurationList section */
	};
	rootObject = 0709AB051C24668B003A41F9 /* Project object */;
}
